// !$*UTF8*$!
{
	archiveVersion = 1;
	classes = {
	};
	objectVersion = 56;
	objects = {

/* Begin PBXBuildFile section */
		3584F3AC2B5A5CC7007ACB57 /* (null) in Sources */ = {isa = PBXBuildFile; };
		3584F3AE2B5A5FEB007ACB57 /* (null) in Sources */ = {isa = PBXBuildFile; };
		35AC0F502B64025300AB0A6B /* TabItem.swift in Sources */ = {isa = PBXBuildFile; fileRef = 35AC0F4F2B64025300AB0A6B /* TabItem.swift */; };
		35AC0F522B64030400AB0A6B /* TabBarController.swift in Sources */ = {isa = PBXBuildFile; fileRef = 35AC0F512B64030400AB0A6B /* TabBarController.swift */; };
		374FD4932B4268EC00F2E645 /* RxCocoa in Frameworks */ = {isa = PBXBuildFile; productRef = 374FD4922B4268EC00F2E645 /* RxCocoa */; };
		374FD4952B4268EC00F2E645 /* RxRelay in Frameworks */ = {isa = PBXBuildFile; productRef = 374FD4942B4268EC00F2E645 /* RxRelay */; };
		374FD4972B4268EC00F2E645 /* RxSwift in Frameworks */ = {isa = PBXBuildFile; productRef = 374FD4962B4268EC00F2E645 /* RxSwift */; };
		374FD49A2B42690D00F2E645 /* SnapKit in Frameworks */ = {isa = PBXBuildFile; productRef = 374FD4992B42690D00F2E645 /* SnapKit */; };
		374FD49D2B4281E100F2E645 /* OnboardingCustomView.swift in Sources */ = {isa = PBXBuildFile; fileRef = 374FD49C2B4281E100F2E645 /* OnboardingCustomView.swift */; };
		374FD49F2B42825B00F2E645 /* CustomPageControl.swift in Sources */ = {isa = PBXBuildFile; fileRef = 374FD49E2B42825B00F2E645 /* CustomPageControl.swift */; };
		374FD4A22B4294F100F2E645 /* LoginViewController.swift in Sources */ = {isa = PBXBuildFile; fileRef = 374FD4A12B4294F100F2E645 /* LoginViewController.swift */; };
		374FD4A42B4297BE00F2E645 /* OnBoardingViewController.swift in Sources */ = {isa = PBXBuildFile; fileRef = 374FD4A32B4297BE00F2E645 /* OnBoardingViewController.swift */; };
		3769A6862B58563000D79C33 /* SelectTimeViewModel.swift in Sources */ = {isa = PBXBuildFile; fileRef = 3769A6852B58563000D79C33 /* SelectTimeViewModel.swift */; };
		3769A6882B58563C00D79C33 /* SelectTimeViewController.swift in Sources */ = {isa = PBXBuildFile; fileRef = 3769A6872B58563C00D79C33 /* SelectTimeViewController.swift */; };
		3769A68E2B585B6600D79C33 /* DayButton.swift in Sources */ = {isa = PBXBuildFile; fileRef = 3769A68D2B585B6600D79C33 /* DayButton.swift */; };
		3769A6912B585BDE00D79C33 /* DayModel.swift in Sources */ = {isa = PBXBuildFile; fileRef = 3769A6902B585BDE00D79C33 /* DayModel.swift */; };
		376A4B572B5504FE004FBB56 /* Lotties.xcassets in Resources */ = {isa = PBXBuildFile; fileRef = 376A4B562B5504FE004FBB56 /* Lotties.xcassets */; };
		376A4B592B55054D004FBB56 /* onBoarding.json in Resources */ = {isa = PBXBuildFile; fileRef = 376A4B582B55054D004FBB56 /* onBoarding.json */; };
		376A4B5C2B5506D7004FBB56 /* Lottie in Frameworks */ = {isa = PBXBuildFile; productRef = 376A4B5B2B5506D7004FBB56 /* Lottie */; };
		378140612B42E83100F2AA5A /* NickNameViewModel.swift in Sources */ = {isa = PBXBuildFile; fileRef = 378140602B42E83100F2AA5A /* NickNameViewModel.swift */; };
		378140632B42F07A00F2AA5A /* ProfileSettingViewController.swift in Sources */ = {isa = PBXBuildFile; fileRef = 378140622B42F07A00F2AA5A /* ProfileSettingViewController.swift */; };
		378140662B42F0AB00F2AA5A /* ProfileSettingViewModel.swift in Sources */ = {isa = PBXBuildFile; fileRef = 378140652B42F0AB00F2AA5A /* ProfileSettingViewModel.swift */; };
		3787D0082B429C1100F054DD /* OnboardingModel.swift in Sources */ = {isa = PBXBuildFile; fileRef = 3787D0072B429C1100F054DD /* OnboardingModel.swift */; };
		3787D00A2B429F1700F054DD /* LaunchViewController.swift in Sources */ = {isa = PBXBuildFile; fileRef = 3787D0092B429F1700F054DD /* LaunchViewController.swift */; };
		3787D00F2B42AD6F00F054DD /* OnBoardingViewModel.swift in Sources */ = {isa = PBXBuildFile; fileRef = 3787D00E2B42AD6F00F054DD /* OnBoardingViewModel.swift */; };
		3787D0112B42E0B100F054DD /* LoginViewModel.swift in Sources */ = {isa = PBXBuildFile; fileRef = 3787D0102B42E0B100F054DD /* LoginViewModel.swift */; };
		3787D0132B42E0F000F054DD /* NickNameViewController.swift in Sources */ = {isa = PBXBuildFile; fileRef = 3787D0122B42E0F000F054DD /* NickNameViewController.swift */; };
		3B0129C32B623BB900B191AD /* HomeViewController.swift in Sources */ = {isa = PBXBuildFile; fileRef = 3B0129C22B623BB900B191AD /* HomeViewController.swift */; };
		3B0129C62B6242F800B191AD /* Ext + ViewController.swift in Sources */ = {isa = PBXBuildFile; fileRef = 3B0129C52B6242F800B191AD /* Ext + ViewController.swift */; };
		3B0129C82B6246E900B191AD /* Ext + UIImage.swift in Sources */ = {isa = PBXBuildFile; fileRef = 3B0129C72B6246E900B191AD /* Ext + UIImage.swift */; };
		3B0129CA2B624CAE00B191AD /* HomeViewModel.swift in Sources */ = {isa = PBXBuildFile; fileRef = 3B0129C92B624CAE00B191AD /* HomeViewModel.swift */; };
		3B0129CC2B624D6000B191AD /* Home.swift in Sources */ = {isa = PBXBuildFile; fileRef = 3B0129CB2B624D6000B191AD /* Home.swift */; };
		3B0129CE2B624E8D00B191AD /* DayCollectionViewCell.swift in Sources */ = {isa = PBXBuildFile; fileRef = 3B0129CD2B624E8C00B191AD /* DayCollectionViewCell.swift */; };
		3B1658F72B4D8559004EFBC3 /* WeekChartCustomView.swift in Sources */ = {isa = PBXBuildFile; fileRef = 3B1658F62B4D8559004EFBC3 /* WeekChartCustomView.swift */; };
		3B42300E2B41572200D0B038 /* AppDelegate.swift in Sources */ = {isa = PBXBuildFile; fileRef = 3B42300D2B41572200D0B038 /* AppDelegate.swift */; };
		3B4230102B41572200D0B038 /* SceneDelegate.swift in Sources */ = {isa = PBXBuildFile; fileRef = 3B42300F2B41572200D0B038 /* SceneDelegate.swift */; };
		3B4230172B41572400D0B038 /* Assets.xcassets in Resources */ = {isa = PBXBuildFile; fileRef = 3B4230162B41572400D0B038 /* Assets.xcassets */; };
		3B42301A2B41572400D0B038 /* LaunchScreen.storyboard in Resources */ = {isa = PBXBuildFile; fileRef = 3B4230182B41572400D0B038 /* LaunchScreen.storyboard */; };
		3B51B5272B63DF9500E5FEF9 /* CellIdentifier.swift in Sources */ = {isa = PBXBuildFile; fileRef = 3B51B5262B63DF9500E5FEF9 /* CellIdentifier.swift */; };
		3B8570CB2B582B4E000BC503 /* FSCalendar in Frameworks */ = {isa = PBXBuildFile; productRef = 3B8570CA2B582B4E000BC503 /* FSCalendar */; };
		3B9C89D12B4AED7C0083CF44 /* StatisticsViewController.swift in Sources */ = {isa = PBXBuildFile; fileRef = 3B9C89D02B4AED7C0083CF44 /* StatisticsViewController.swift */; };
		3BB806D02B5012F400555E58 /* DayChartCustomView.swift in Sources */ = {isa = PBXBuildFile; fileRef = 3BB806CF2B5012F400555E58 /* DayChartCustomView.swift */; };
		3BB806D32B5021BC00555E58 /* StatisticsViewModel.swift in Sources */ = {isa = PBXBuildFile; fileRef = 3BB806D22B5021BC00555E58 /* StatisticsViewModel.swift */; };
		3BB806D62B50228100555E58 /* DayStatistics.swift in Sources */ = {isa = PBXBuildFile; fileRef = 3BB806D52B50228100555E58 /* DayStatistics.swift */; };
		3BB806D82B5024BC00555E58 /* MonthStatistics.swift in Sources */ = {isa = PBXBuildFile; fileRef = 3BB806D72B5024BC00555E58 /* MonthStatistics.swift */; };
		3BD552662B58FA8C0043920E /* RateFillView.swift in Sources */ = {isa = PBXBuildFile; fileRef = 3BD552652B58FA8C0043920E /* RateFillView.swift */; };
		3BD552682B58FCF70043920E /* CalendarCell.swift in Sources */ = {isa = PBXBuildFile; fileRef = 3BD552672B58FCF70043920E /* CalendarCell.swift */; };
		3BD5526A2B5914B10043920E /* CalendarStatistics.swift in Sources */ = {isa = PBXBuildFile; fileRef = 3BD552692B5914B10043920E /* CalendarStatistics.swift */; };
/* End PBXBuildFile section */

/* Begin PBXFileReference section */
		35AC0F4F2B64025300AB0A6B /* TabItem.swift */ = {isa = PBXFileReference; lastKnownFileType = sourcecode.swift; path = TabItem.swift; sourceTree = "<group>"; };
		35AC0F512B64030400AB0A6B /* TabBarController.swift */ = {isa = PBXFileReference; lastKnownFileType = sourcecode.swift; path = TabBarController.swift; sourceTree = "<group>"; };
		374FD49C2B4281E100F2E645 /* OnboardingCustomView.swift */ = {isa = PBXFileReference; lastKnownFileType = sourcecode.swift; path = OnboardingCustomView.swift; sourceTree = "<group>"; };
		374FD49E2B42825B00F2E645 /* CustomPageControl.swift */ = {isa = PBXFileReference; lastKnownFileType = sourcecode.swift; path = CustomPageControl.swift; sourceTree = "<group>"; };
		374FD4A12B4294F100F2E645 /* LoginViewController.swift */ = {isa = PBXFileReference; lastKnownFileType = sourcecode.swift; path = LoginViewController.swift; sourceTree = "<group>"; };
		374FD4A32B4297BE00F2E645 /* OnBoardingViewController.swift */ = {isa = PBXFileReference; lastKnownFileType = sourcecode.swift; path = OnBoardingViewController.swift; sourceTree = "<group>"; };
		3769A6852B58563000D79C33 /* SelectTimeViewModel.swift */ = {isa = PBXFileReference; lastKnownFileType = sourcecode.swift; path = SelectTimeViewModel.swift; sourceTree = "<group>"; };
		3769A6872B58563C00D79C33 /* SelectTimeViewController.swift */ = {isa = PBXFileReference; lastKnownFileType = sourcecode.swift; path = SelectTimeViewController.swift; sourceTree = "<group>"; };
		3769A68D2B585B6600D79C33 /* DayButton.swift */ = {isa = PBXFileReference; lastKnownFileType = sourcecode.swift; path = DayButton.swift; sourceTree = "<group>"; };
		3769A6902B585BDE00D79C33 /* DayModel.swift */ = {isa = PBXFileReference; lastKnownFileType = sourcecode.swift; path = DayModel.swift; sourceTree = "<group>"; };
		376A4B562B5504FE004FBB56 /* Lotties.xcassets */ = {isa = PBXFileReference; lastKnownFileType = folder.assetcatalog; path = Lotties.xcassets; sourceTree = "<group>"; };
		376A4B582B55054D004FBB56 /* onBoarding.json */ = {isa = PBXFileReference; fileEncoding = 4; lastKnownFileType = text.json; path = onBoarding.json; sourceTree = "<group>"; };
		378140602B42E83100F2AA5A /* NickNameViewModel.swift */ = {isa = PBXFileReference; lastKnownFileType = sourcecode.swift; path = NickNameViewModel.swift; sourceTree = "<group>"; };
		378140622B42F07A00F2AA5A /* ProfileSettingViewController.swift */ = {isa = PBXFileReference; lastKnownFileType = sourcecode.swift; path = ProfileSettingViewController.swift; sourceTree = "<group>"; };
		378140652B42F0AB00F2AA5A /* ProfileSettingViewModel.swift */ = {isa = PBXFileReference; lastKnownFileType = sourcecode.swift; path = ProfileSettingViewModel.swift; sourceTree = "<group>"; };
		3787D0072B429C1100F054DD /* OnboardingModel.swift */ = {isa = PBXFileReference; lastKnownFileType = sourcecode.swift; path = OnboardingModel.swift; sourceTree = "<group>"; };
		3787D0092B429F1700F054DD /* LaunchViewController.swift */ = {isa = PBXFileReference; lastKnownFileType = sourcecode.swift; path = LaunchViewController.swift; sourceTree = "<group>"; };
		3787D00E2B42AD6F00F054DD /* OnBoardingViewModel.swift */ = {isa = PBXFileReference; lastKnownFileType = sourcecode.swift; path = OnBoardingViewModel.swift; sourceTree = "<group>"; };
		3787D0102B42E0B100F054DD /* LoginViewModel.swift */ = {isa = PBXFileReference; lastKnownFileType = sourcecode.swift; path = LoginViewModel.swift; sourceTree = "<group>"; };
		3787D0122B42E0F000F054DD /* NickNameViewController.swift */ = {isa = PBXFileReference; lastKnownFileType = sourcecode.swift; path = NickNameViewController.swift; sourceTree = "<group>"; };
		3B0129C22B623BB900B191AD /* HomeViewController.swift */ = {isa = PBXFileReference; lastKnownFileType = sourcecode.swift; path = HomeViewController.swift; sourceTree = "<group>"; };
		3B0129C52B6242F800B191AD /* Ext + ViewController.swift */ = {isa = PBXFileReference; lastKnownFileType = sourcecode.swift; path = "Ext + ViewController.swift"; sourceTree = "<group>"; };
		3B0129C72B6246E900B191AD /* Ext + UIImage.swift */ = {isa = PBXFileReference; lastKnownFileType = sourcecode.swift; path = "Ext + UIImage.swift"; sourceTree = "<group>"; };
		3B0129C92B624CAE00B191AD /* HomeViewModel.swift */ = {isa = PBXFileReference; lastKnownFileType = sourcecode.swift; path = HomeViewModel.swift; sourceTree = "<group>"; };
		3B0129CB2B624D6000B191AD /* Home.swift */ = {isa = PBXFileReference; lastKnownFileType = sourcecode.swift; path = Home.swift; sourceTree = "<group>"; };
		3B0129CD2B624E8C00B191AD /* DayCollectionViewCell.swift */ = {isa = PBXFileReference; lastKnownFileType = sourcecode.swift; path = DayCollectionViewCell.swift; sourceTree = "<group>"; };
		3B1658F62B4D8559004EFBC3 /* WeekChartCustomView.swift */ = {isa = PBXFileReference; lastKnownFileType = sourcecode.swift; path = WeekChartCustomView.swift; sourceTree = "<group>"; };
		3B42300A2B41572200D0B038 /* On_off_iOS.app */ = {isa = PBXFileReference; explicitFileType = wrapper.application; includeInIndex = 0; path = On_off_iOS.app; sourceTree = BUILT_PRODUCTS_DIR; };
		3B42300D2B41572200D0B038 /* AppDelegate.swift */ = {isa = PBXFileReference; lastKnownFileType = sourcecode.swift; path = AppDelegate.swift; sourceTree = "<group>"; };
		3B42300F2B41572200D0B038 /* SceneDelegate.swift */ = {isa = PBXFileReference; lastKnownFileType = sourcecode.swift; path = SceneDelegate.swift; sourceTree = "<group>"; };
		3B4230162B41572400D0B038 /* Assets.xcassets */ = {isa = PBXFileReference; lastKnownFileType = folder.assetcatalog; path = Assets.xcassets; sourceTree = "<group>"; };
		3B4230192B41572400D0B038 /* Base */ = {isa = PBXFileReference; lastKnownFileType = file.storyboard; name = Base; path = Base.lproj/LaunchScreen.storyboard; sourceTree = "<group>"; };
		3B42301B2B41572400D0B038 /* Info.plist */ = {isa = PBXFileReference; lastKnownFileType = text.plist.xml; path = Info.plist; sourceTree = "<group>"; };
		3B51B5262B63DF9500E5FEF9 /* CellIdentifier.swift */ = {isa = PBXFileReference; lastKnownFileType = sourcecode.swift; path = CellIdentifier.swift; sourceTree = "<group>"; };
		3B9C89D02B4AED7C0083CF44 /* StatisticsViewController.swift */ = {isa = PBXFileReference; lastKnownFileType = sourcecode.swift; path = StatisticsViewController.swift; sourceTree = "<group>"; };
		3BB806CF2B5012F400555E58 /* DayChartCustomView.swift */ = {isa = PBXFileReference; lastKnownFileType = sourcecode.swift; path = DayChartCustomView.swift; sourceTree = "<group>"; };
		3BB806D22B5021BC00555E58 /* StatisticsViewModel.swift */ = {isa = PBXFileReference; lastKnownFileType = sourcecode.swift; path = StatisticsViewModel.swift; sourceTree = "<group>"; };
		3BB806D52B50228100555E58 /* DayStatistics.swift */ = {isa = PBXFileReference; lastKnownFileType = sourcecode.swift; path = DayStatistics.swift; sourceTree = "<group>"; };
		3BB806D72B5024BC00555E58 /* MonthStatistics.swift */ = {isa = PBXFileReference; lastKnownFileType = sourcecode.swift; path = MonthStatistics.swift; sourceTree = "<group>"; };
		3BD552652B58FA8C0043920E /* RateFillView.swift */ = {isa = PBXFileReference; lastKnownFileType = sourcecode.swift; path = RateFillView.swift; sourceTree = "<group>"; };
		3BD552672B58FCF70043920E /* CalendarCell.swift */ = {isa = PBXFileReference; lastKnownFileType = sourcecode.swift; path = CalendarCell.swift; sourceTree = "<group>"; };
		3BD552692B5914B10043920E /* CalendarStatistics.swift */ = {isa = PBXFileReference; lastKnownFileType = sourcecode.swift; path = CalendarStatistics.swift; sourceTree = "<group>"; };
/* End PBXFileReference section */

/* Begin PBXFrameworksBuildPhase section */
		3B4230072B41572200D0B038 /* Frameworks */ = {
			isa = PBXFrameworksBuildPhase;
			buildActionMask = 2147483647;
			files = (
				376A4B5C2B5506D7004FBB56 /* Lottie in Frameworks */,
				374FD4972B4268EC00F2E645 /* RxSwift in Frameworks */,
				374FD49A2B42690D00F2E645 /* SnapKit in Frameworks */,
				374FD4952B4268EC00F2E645 /* RxRelay in Frameworks */,
				374FD4932B4268EC00F2E645 /* RxCocoa in Frameworks */,
				3B8570CB2B582B4E000BC503 /* FSCalendar in Frameworks */,
			);
			runOnlyForDeploymentPostprocessing = 0;
		};
/* End PBXFrameworksBuildPhase section */

/* Begin PBXGroup section */
		35984F222B63EE8000A5F6F2 /* TabBar */ = {
			isa = PBXGroup;
			children = (
				35AC0F552B64117E00AB0A6B /* Model */,
				35AC0F592B6412A600AB0A6B /* View */,
			);
			path = TabBar;
			sourceTree = "<group>";
		};
		35AC0F552B64117E00AB0A6B /* Model */ = {
			isa = PBXGroup;
			children = (
				35AC0F4F2B64025300AB0A6B /* TabItem.swift */,
			);
			path = Model;
			sourceTree = "<group>";
		};
		35AC0F592B6412A600AB0A6B /* View */ = {
			isa = PBXGroup;
			children = (
				35AC0F512B64030400AB0A6B /* TabBarController.swift */,
			);
			path = View;
			sourceTree = "<group>";
		};
		374FD49B2B4281CA00F2E645 /* OnBoarding */ = {
			isa = PBXGroup;
			children = (
				3787D00B2B42A84100F054DD /* View */,
				3787D00D2B42A85900F054DD /* Model */,
				3787D00C2B42A84900F054DD /* ViewModel */,
			);
			path = OnBoarding;
			sourceTree = "<group>";
		};
		374FD4A02B4294DE00F2E645 /* LogIn */ = {
			isa = PBXGroup;
			children = (
				3787D0152B42E5AC00F054DD /* View */,
				3787D0142B42E5A500F054DD /* ViewModel */,
			);
			path = LogIn;
			sourceTree = "<group>";
		};
		3769A6842B58561D00D79C33 /* SelectTime */ = {
			isa = PBXGroup;
			children = (
				3769A6892B58564100D79C33 /* View */,
				3769A68C2B5856C200D79C33 /* ViewModel */,
				3769A68F2B585BCF00D79C33 /* Model */,
			);
			path = SelectTime;
			sourceTree = "<group>";
		};
		3769A6892B58564100D79C33 /* View */ = {
			isa = PBXGroup;
			children = (
				3769A6872B58563C00D79C33 /* SelectTimeViewController.swift */,
				3769A68D2B585B6600D79C33 /* DayButton.swift */,
			);
			path = View;
			sourceTree = "<group>";
		};
		3769A68A2B58566400D79C33 /* View */ = {
			isa = PBXGroup;
			children = (
				378140622B42F07A00F2AA5A /* ProfileSettingViewController.swift */,
			);
			path = View;
			sourceTree = "<group>";
		};
		3769A68B2B58566B00D79C33 /* ViewModel */ = {
			isa = PBXGroup;
			children = (
				378140652B42F0AB00F2AA5A /* ProfileSettingViewModel.swift */,
			);
			path = ViewModel;
			sourceTree = "<group>";
		};
		3769A68C2B5856C200D79C33 /* ViewModel */ = {
			isa = PBXGroup;
			children = (
				3769A6852B58563000D79C33 /* SelectTimeViewModel.swift */,
			);
			path = ViewModel;
			sourceTree = "<group>";
		};
		3769A68F2B585BCF00D79C33 /* Model */ = {
			isa = PBXGroup;
			children = (
				3769A6902B585BDE00D79C33 /* DayModel.swift */,
			);
			path = Model;
			sourceTree = "<group>";
		};
		376A4B552B5504AB004FBB56 /* Assets */ = {
			isa = PBXGroup;
			children = (
				3B4230162B41572400D0B038 /* Assets.xcassets */,
				376A4B562B5504FE004FBB56 /* Lotties.xcassets */,
				376A4B582B55054D004FBB56 /* onBoarding.json */,
			);
			path = Assets;
			sourceTree = "<group>";
		};
		376A4B5D2B5514B4004FBB56 /* Launch */ = {
			isa = PBXGroup;
			children = (
				3787D0092B429F1700F054DD /* LaunchViewController.swift */,
			);
			path = Launch;
			sourceTree = "<group>";
		};
		376A4B5E2B551659004FBB56 /* ViewModel */ = {
			isa = PBXGroup;
			children = (
				378140602B42E83100F2AA5A /* NickNameViewModel.swift */,
			);
			path = ViewModel;
			sourceTree = "<group>";
		};
		3781405F2B42E75000F2AA5A /* NickName */ = {
			isa = PBXGroup;
			children = (
				376A4B5E2B551659004FBB56 /* ViewModel */,
				378140642B42F08400F2AA5A /* View */,
			);
			path = NickName;
			sourceTree = "<group>";
		};
		378140642B42F08400F2AA5A /* View */ = {
			isa = PBXGroup;
			children = (
				3787D0122B42E0F000F054DD /* NickNameViewController.swift */,
			);
			path = View;
			sourceTree = "<group>";
		};
		3787D00B2B42A84100F054DD /* View */ = {
			isa = PBXGroup;
			children = (
				374FD49C2B4281E100F2E645 /* OnboardingCustomView.swift */,
				374FD49E2B42825B00F2E645 /* CustomPageControl.swift */,
				374FD4A32B4297BE00F2E645 /* OnBoardingViewController.swift */,
			);
			path = View;
			sourceTree = "<group>";
		};
		3787D00C2B42A84900F054DD /* ViewModel */ = {
			isa = PBXGroup;
			children = (
				3787D00E2B42AD6F00F054DD /* OnBoardingViewModel.swift */,
			);
			path = ViewModel;
			sourceTree = "<group>";
		};
		3787D00D2B42A85900F054DD /* Model */ = {
			isa = PBXGroup;
			children = (
				3787D0072B429C1100F054DD /* OnboardingModel.swift */,
			);
			path = Model;
			sourceTree = "<group>";
		};
		3787D0142B42E5A500F054DD /* ViewModel */ = {
			isa = PBXGroup;
			children = (
				3787D0102B42E0B100F054DD /* LoginViewModel.swift */,
			);
			path = ViewModel;
			sourceTree = "<group>";
		};
		3787D0152B42E5AC00F054DD /* View */ = {
			isa = PBXGroup;
			children = (
				374FD4A12B4294F100F2E645 /* LoginViewController.swift */,
			);
			path = View;
			sourceTree = "<group>";
		};
		379380CC2B44282B00BB7BDE /* ProfileSetting */ = {
			isa = PBXGroup;
			children = (
				3769A68A2B58566400D79C33 /* View */,
				3769A68B2B58566B00D79C33 /* ViewModel */,
			);
			path = ProfileSetting;
			sourceTree = "<group>";
		};
		3B0129C12B623BA900B191AD /* Home */ = {
			isa = PBXGroup;
			children = (
				3B0129CF2B62BA8100B191AD /* Base */,
			);
			path = Home;
			sourceTree = "<group>";
		};
		3B0129C42B6242D400B191AD /* Extension */ = {
			isa = PBXGroup;
			children = (
				3B0129C52B6242F800B191AD /* Ext + ViewController.swift */,
				3B0129C72B6246E900B191AD /* Ext + UIImage.swift */,
			);
			path = Extension;
			sourceTree = "<group>";
		};
		3B0129CF2B62BA8100B191AD /* Base */ = {
			isa = PBXGroup;
			children = (
				3B0129D22B62BA9100B191AD /* Model */,
				3B0129D12B62BA8E00B191AD /* ViewModel */,
				3B0129D02B62BA8A00B191AD /* View */,
			);
			path = Base;
			sourceTree = "<group>";
		};
		3B0129D02B62BA8A00B191AD /* View */ = {
			isa = PBXGroup;
			children = (
				3B0129CD2B624E8C00B191AD /* DayCollectionViewCell.swift */,
				3B0129C22B623BB900B191AD /* HomeViewController.swift */,
			);
			path = View;
			sourceTree = "<group>";
		};
		3B0129D12B62BA8E00B191AD /* ViewModel */ = {
			isa = PBXGroup;
			children = (
				3B0129C92B624CAE00B191AD /* HomeViewModel.swift */,
			);
			path = ViewModel;
			sourceTree = "<group>";
		};
		3B0129D22B62BA9100B191AD /* Model */ = {
			isa = PBXGroup;
			children = (
				3B0129CB2B624D6000B191AD /* Home.swift */,
			);
			path = Model;
			sourceTree = "<group>";
		};
		3B4230012B41572200D0B038 = {
			isa = PBXGroup;
			children = (
				3B42300C2B41572200D0B038 /* On_off_iOS */,
				3B42300B2B41572200D0B038 /* Products */,
			);
			sourceTree = "<group>";
		};
		3B42300B2B41572200D0B038 /* Products */ = {
			isa = PBXGroup;
			children = (
				3B42300A2B41572200D0B038 /* On_off_iOS.app */,
			);
			name = Products;
			sourceTree = "<group>";
		};
		3B42300C2B41572200D0B038 /* On_off_iOS */ = {
			isa = PBXGroup;
			children = (
				35984F222B63EE8000A5F6F2 /* TabBar */,
				3B0129C12B623BA900B191AD /* Home */,
				3B9C89CF2B4AED640083CF44 /* Statistics */,
				3769A6842B58561D00D79C33 /* SelectTime */,
				376A4B5D2B5514B4004FBB56 /* Launch */,
				379380CC2B44282B00BB7BDE /* ProfileSetting */,
				3781405F2B42E75000F2AA5A /* NickName */,
				374FD4A02B4294DE00F2E645 /* LogIn */,
				374FD49B2B4281CA00F2E645 /* OnBoarding */,
				3B4230212B41584300D0B038 /* Apps */,
				376A4B552B5504AB004FBB56 /* Assets */,
				3B51B5252B63DF8000E5FEF9 /* Constant */,
				3B0129C42B6242D400B191AD /* Extension */,
				3B4230182B41572400D0B038 /* LaunchScreen.storyboard */,
				3B42301B2B41572400D0B038 /* Info.plist */,
			);
			path = On_off_iOS;
			sourceTree = "<group>";
		};
		3B4230212B41584300D0B038 /* Apps */ = {
			isa = PBXGroup;
			children = (
				3B42300D2B41572200D0B038 /* AppDelegate.swift */,
				3B42300F2B41572200D0B038 /* SceneDelegate.swift */,
			);
			path = Apps;
			sourceTree = "<group>";
		};
		3B51B5252B63DF8000E5FEF9 /* Constant */ = {
			isa = PBXGroup;
			children = (
				3B51B5262B63DF9500E5FEF9 /* CellIdentifier.swift */,
			);
			path = Constant;
			sourceTree = "<group>";
		};
		3B9C89CF2B4AED640083CF44 /* Statistics */ = {
			isa = PBXGroup;
			children = (
				3BB806D42B50227300555E58 /* Model */,
				3BB806D12B5021AA00555E58 /* ViewModel */,
				3B9C89D22B4AED800083CF44 /* View */,
			);
			path = Statistics;
			sourceTree = "<group>";
		};
		3B9C89D22B4AED800083CF44 /* View */ = {
			isa = PBXGroup;
			children = (
				3B9C89D02B4AED7C0083CF44 /* StatisticsViewController.swift */,
				3BD552672B58FCF70043920E /* CalendarCell.swift */,
				3BD552652B58FA8C0043920E /* RateFillView.swift */,
				3BB806CF2B5012F400555E58 /* DayChartCustomView.swift */,
				3B1658F62B4D8559004EFBC3 /* WeekChartCustomView.swift */,
			);
			path = View;
			sourceTree = "<group>";
		};
		3BB806D12B5021AA00555E58 /* ViewModel */ = {
			isa = PBXGroup;
			children = (
				3BB806D22B5021BC00555E58 /* StatisticsViewModel.swift */,
			);
			path = ViewModel;
			sourceTree = "<group>";
		};
		3BB806D42B50227300555E58 /* Model */ = {
			isa = PBXGroup;
			children = (
				3BB806D52B50228100555E58 /* DayStatistics.swift */,
				3BB806D72B5024BC00555E58 /* MonthStatistics.swift */,
				3BD552692B5914B10043920E /* CalendarStatistics.swift */,
			);
			path = Model;
			sourceTree = "<group>";
		};
/* End PBXGroup section */

/* Begin PBXNativeTarget section */
		3B4230092B41572200D0B038 /* On_off_iOS */ = {
			isa = PBXNativeTarget;
			buildConfigurationList = 3B42301E2B41572400D0B038 /* Build configuration list for PBXNativeTarget "On_off_iOS" */;
			buildPhases = (
				3B4230062B41572200D0B038 /* Sources */,
				3B4230072B41572200D0B038 /* Frameworks */,
				3B4230082B41572200D0B038 /* Resources */,
			);
			buildRules = (
			);
			dependencies = (
			);
			name = On_off_iOS;
			packageProductDependencies = (
				374FD4922B4268EC00F2E645 /* RxCocoa */,
				374FD4942B4268EC00F2E645 /* RxRelay */,
				374FD4962B4268EC00F2E645 /* RxSwift */,
				374FD4992B42690D00F2E645 /* SnapKit */,
				376A4B5B2B5506D7004FBB56 /* Lottie */,
				3B8570CA2B582B4E000BC503 /* FSCalendar */,
			);
			productName = On_off_iOS;
			productReference = 3B42300A2B41572200D0B038 /* On_off_iOS.app */;
			productType = "com.apple.product-type.application";
		};
/* End PBXNativeTarget section */

/* Begin PBXProject section */
		3B4230022B41572200D0B038 /* Project object */ = {
			isa = PBXProject;
			attributes = {
				BuildIndependentTargetsInParallel = 1;
				LastSwiftUpdateCheck = 1500;
				LastUpgradeCheck = 1500;
				TargetAttributes = {
					3B4230092B41572200D0B038 = {
						CreatedOnToolsVersion = 15.0.1;
					};
				};
			};
			buildConfigurationList = 3B4230052B41572200D0B038 /* Build configuration list for PBXProject "On_off_iOS" */;
			compatibilityVersion = "Xcode 14.0";
			developmentRegion = en;
			hasScannedForEncodings = 0;
			knownRegions = (
				en,
				Base,
			);
			mainGroup = 3B4230012B41572200D0B038;
			packageReferences = (
				374FD4912B4268EC00F2E645 /* XCRemoteSwiftPackageReference "RxSwift" */,
				374FD4982B42690D00F2E645 /* XCRemoteSwiftPackageReference "SnapKit" */,
				376A4B5A2B5506D7004FBB56 /* XCRemoteSwiftPackageReference "lottie-ios" */,
				3B8570C92B582B4E000BC503 /* XCRemoteSwiftPackageReference "FSCalendar" */,
			);
			productRefGroup = 3B42300B2B41572200D0B038 /* Products */;
			projectDirPath = "";
			projectRoot = "";
			targets = (
				3B4230092B41572200D0B038 /* On_off_iOS */,
			);
		};
/* End PBXProject section */

/* Begin PBXResourcesBuildPhase section */
		3B4230082B41572200D0B038 /* Resources */ = {
			isa = PBXResourcesBuildPhase;
			buildActionMask = 2147483647;
			files = (
				376A4B572B5504FE004FBB56 /* Lotties.xcassets in Resources */,
				3B42301A2B41572400D0B038 /* LaunchScreen.storyboard in Resources */,
				376A4B592B55054D004FBB56 /* onBoarding.json in Resources */,
				3B4230172B41572400D0B038 /* Assets.xcassets in Resources */,
			);
			runOnlyForDeploymentPostprocessing = 0;
		};
/* End PBXResourcesBuildPhase section */

/* Begin PBXSourcesBuildPhase section */
		3B4230062B41572200D0B038 /* Sources */ = {
			isa = PBXSourcesBuildPhase;
			buildActionMask = 2147483647;
			files = (
				3B51B5272B63DF9500E5FEF9 /* CellIdentifier.swift in Sources */,
				378140612B42E83100F2AA5A /* NickNameViewModel.swift in Sources */,
				3787D0132B42E0F000F054DD /* NickNameViewController.swift in Sources */,
				3787D00F2B42AD6F00F054DD /* OnBoardingViewModel.swift in Sources */,
				374FD4A22B4294F100F2E645 /* LoginViewController.swift in Sources */,
				374FD49F2B42825B00F2E645 /* CustomPageControl.swift in Sources */,
				3769A6862B58563000D79C33 /* SelectTimeViewModel.swift in Sources */,
				374FD4A42B4297BE00F2E645 /* OnBoardingViewController.swift in Sources */,
				3769A6882B58563C00D79C33 /* SelectTimeViewController.swift in Sources */,
				3787D0082B429C1100F054DD /* OnboardingModel.swift in Sources */,
				378140662B42F0AB00F2AA5A /* ProfileSettingViewModel.swift in Sources */,
				3B1658F72B4D8559004EFBC3 /* WeekChartCustomView.swift in Sources */,
				3B42300E2B41572200D0B038 /* AppDelegate.swift in Sources */,
				3769A68E2B585B6600D79C33 /* DayButton.swift in Sources */,
				3B0129CE2B624E8D00B191AD /* DayCollectionViewCell.swift in Sources */,
				3769A6912B585BDE00D79C33 /* DayModel.swift in Sources */,
				3B0129CC2B624D6000B191AD /* Home.swift in Sources */,
				374FD49D2B4281E100F2E645 /* OnboardingCustomView.swift in Sources */,
				3BB806D82B5024BC00555E58 /* MonthStatistics.swift in Sources */,
				3584F3AE2B5A5FEB007ACB57 /* (null) in Sources */,
				3BB806D32B5021BC00555E58 /* StatisticsViewModel.swift in Sources */,
				3B0129C82B6246E900B191AD /* Ext + UIImage.swift in Sources */,
				3B4230102B41572200D0B038 /* SceneDelegate.swift in Sources */,
				3584F3AC2B5A5CC7007ACB57 /* (null) in Sources */,
				378140632B42F07A00F2AA5A /* ProfileSettingViewController.swift in Sources */,
				3B0129C32B623BB900B191AD /* HomeViewController.swift in Sources */,
				3787D0112B42E0B100F054DD /* LoginViewModel.swift in Sources */,
				3787D00A2B429F1700F054DD /* LaunchViewController.swift in Sources */,
				3BD552682B58FCF70043920E /* CalendarCell.swift in Sources */,
				35AC0F522B64030400AB0A6B /* TabBarController.swift in Sources */,
				3BD552662B58FA8C0043920E /* RateFillView.swift in Sources */,
				35AC0F502B64025300AB0A6B /* TabItem.swift in Sources */,
				3BD5526A2B5914B10043920E /* CalendarStatistics.swift in Sources */,
				3B9C89D12B4AED7C0083CF44 /* StatisticsViewController.swift in Sources */,
				3B0129C62B6242F800B191AD /* Ext + ViewController.swift in Sources */,
				3BB806D02B5012F400555E58 /* DayChartCustomView.swift in Sources */,
				3B0129CA2B624CAE00B191AD /* HomeViewModel.swift in Sources */,
				3BB806D62B50228100555E58 /* DayStatistics.swift in Sources */,
			);
			runOnlyForDeploymentPostprocessing = 0;
		};
/* End PBXSourcesBuildPhase section */

/* Begin PBXVariantGroup section */
		3B4230182B41572400D0B038 /* LaunchScreen.storyboard */ = {
			isa = PBXVariantGroup;
			children = (
				3B4230192B41572400D0B038 /* Base */,
			);
			name = LaunchScreen.storyboard;
			sourceTree = "<group>";
		};
/* End PBXVariantGroup section */

/* Begin XCBuildConfiguration section */
		3B42301C2B41572400D0B038 /* Debug */ = {
			isa = XCBuildConfiguration;
			buildSettings = {
				ALWAYS_SEARCH_USER_PATHS = NO;
				ASSETCATALOG_COMPILER_GENERATE_SWIFT_ASSET_SYMBOL_EXTENSIONS = YES;
				CLANG_ANALYZER_NONNULL = YES;
				CLANG_ANALYZER_NUMBER_OBJECT_CONVERSION = YES_AGGRESSIVE;
				CLANG_CXX_LANGUAGE_STANDARD = "gnu++20";
				CLANG_ENABLE_MODULES = YES;
				CLANG_ENABLE_OBJC_ARC = YES;
				CLANG_ENABLE_OBJC_WEAK = YES;
				CLANG_WARN_BLOCK_CAPTURE_AUTORELEASING = YES;
				CLANG_WARN_BOOL_CONVERSION = YES;
				CLANG_WARN_COMMA = YES;
				CLANG_WARN_CONSTANT_CONVERSION = YES;
				CLANG_WARN_DEPRECATED_OBJC_IMPLEMENTATIONS = YES;
				CLANG_WARN_DIRECT_OBJC_ISA_USAGE = YES_ERROR;
				CLANG_WARN_DOCUMENTATION_COMMENTS = YES;
				CLANG_WARN_EMPTY_BODY = YES;
				CLANG_WARN_ENUM_CONVERSION = YES;
				CLANG_WARN_INFINITE_RECURSION = YES;
				CLANG_WARN_INT_CONVERSION = YES;
				CLANG_WARN_NON_LITERAL_NULL_CONVERSION = YES;
				CLANG_WARN_OBJC_IMPLICIT_RETAIN_SELF = YES;
				CLANG_WARN_OBJC_LITERAL_CONVERSION = YES;
				CLANG_WARN_OBJC_ROOT_CLASS = YES_ERROR;
				CLANG_WARN_QUOTED_INCLUDE_IN_FRAMEWORK_HEADER = YES;
				CLANG_WARN_RANGE_LOOP_ANALYSIS = YES;
				CLANG_WARN_STRICT_PROTOTYPES = YES;
				CLANG_WARN_SUSPICIOUS_MOVE = YES;
				CLANG_WARN_UNGUARDED_AVAILABILITY = YES_AGGRESSIVE;
				CLANG_WARN_UNREACHABLE_CODE = YES;
				CLANG_WARN__DUPLICATE_METHOD_MATCH = YES;
				COPY_PHASE_STRIP = NO;
				DEBUG_INFORMATION_FORMAT = dwarf;
				ENABLE_STRICT_OBJC_MSGSEND = YES;
				ENABLE_TESTABILITY = YES;
				ENABLE_USER_SCRIPT_SANDBOXING = YES;
				GCC_C_LANGUAGE_STANDARD = gnu17;
				GCC_DYNAMIC_NO_PIC = NO;
				GCC_NO_COMMON_BLOCKS = YES;
				GCC_OPTIMIZATION_LEVEL = 0;
				GCC_PREPROCESSOR_DEFINITIONS = (
					"DEBUG=1",
					"$(inherited)",
				);
				GCC_WARN_64_TO_32_BIT_CONVERSION = YES;
				GCC_WARN_ABOUT_RETURN_TYPE = YES_ERROR;
				GCC_WARN_UNDECLARED_SELECTOR = YES;
				GCC_WARN_UNINITIALIZED_AUTOS = YES_AGGRESSIVE;
				GCC_WARN_UNUSED_FUNCTION = YES;
				GCC_WARN_UNUSED_VARIABLE = YES;
				IPHONEOS_DEPLOYMENT_TARGET = 17.0;
				LOCALIZATION_PREFERS_STRING_CATALOGS = YES;
				MTL_ENABLE_DEBUG_INFO = INCLUDE_SOURCE;
				MTL_FAST_MATH = YES;
				ONLY_ACTIVE_ARCH = YES;
				SDKROOT = iphoneos;
				SWIFT_ACTIVE_COMPILATION_CONDITIONS = "DEBUG $(inherited)";
				SWIFT_OPTIMIZATION_LEVEL = "-Onone";
			};
			name = Debug;
		};
		3B42301D2B41572400D0B038 /* Release */ = {
			isa = XCBuildConfiguration;
			buildSettings = {
				ALWAYS_SEARCH_USER_PATHS = NO;
				ASSETCATALOG_COMPILER_GENERATE_SWIFT_ASSET_SYMBOL_EXTENSIONS = YES;
				CLANG_ANALYZER_NONNULL = YES;
				CLANG_ANALYZER_NUMBER_OBJECT_CONVERSION = YES_AGGRESSIVE;
				CLANG_CXX_LANGUAGE_STANDARD = "gnu++20";
				CLANG_ENABLE_MODULES = YES;
				CLANG_ENABLE_OBJC_ARC = YES;
				CLANG_ENABLE_OBJC_WEAK = YES;
				CLANG_WARN_BLOCK_CAPTURE_AUTORELEASING = YES;
				CLANG_WARN_BOOL_CONVERSION = YES;
				CLANG_WARN_COMMA = YES;
				CLANG_WARN_CONSTANT_CONVERSION = YES;
				CLANG_WARN_DEPRECATED_OBJC_IMPLEMENTATIONS = YES;
				CLANG_WARN_DIRECT_OBJC_ISA_USAGE = YES_ERROR;
				CLANG_WARN_DOCUMENTATION_COMMENTS = YES;
				CLANG_WARN_EMPTY_BODY = YES;
				CLANG_WARN_ENUM_CONVERSION = YES;
				CLANG_WARN_INFINITE_RECURSION = YES;
				CLANG_WARN_INT_CONVERSION = YES;
				CLANG_WARN_NON_LITERAL_NULL_CONVERSION = YES;
				CLANG_WARN_OBJC_IMPLICIT_RETAIN_SELF = YES;
				CLANG_WARN_OBJC_LITERAL_CONVERSION = YES;
				CLANG_WARN_OBJC_ROOT_CLASS = YES_ERROR;
				CLANG_WARN_QUOTED_INCLUDE_IN_FRAMEWORK_HEADER = YES;
				CLANG_WARN_RANGE_LOOP_ANALYSIS = YES;
				CLANG_WARN_STRICT_PROTOTYPES = YES;
				CLANG_WARN_SUSPICIOUS_MOVE = YES;
				CLANG_WARN_UNGUARDED_AVAILABILITY = YES_AGGRESSIVE;
				CLANG_WARN_UNREACHABLE_CODE = YES;
				CLANG_WARN__DUPLICATE_METHOD_MATCH = YES;
				COPY_PHASE_STRIP = NO;
				DEBUG_INFORMATION_FORMAT = "dwarf-with-dsym";
				ENABLE_NS_ASSERTIONS = NO;
				ENABLE_STRICT_OBJC_MSGSEND = YES;
				ENABLE_USER_SCRIPT_SANDBOXING = YES;
				GCC_C_LANGUAGE_STANDARD = gnu17;
				GCC_NO_COMMON_BLOCKS = YES;
				GCC_WARN_64_TO_32_BIT_CONVERSION = YES;
				GCC_WARN_ABOUT_RETURN_TYPE = YES_ERROR;
				GCC_WARN_UNDECLARED_SELECTOR = YES;
				GCC_WARN_UNINITIALIZED_AUTOS = YES_AGGRESSIVE;
				GCC_WARN_UNUSED_FUNCTION = YES;
				GCC_WARN_UNUSED_VARIABLE = YES;
				IPHONEOS_DEPLOYMENT_TARGET = 17.0;
				LOCALIZATION_PREFERS_STRING_CATALOGS = YES;
				MTL_ENABLE_DEBUG_INFO = NO;
				MTL_FAST_MATH = YES;
				SDKROOT = iphoneos;
				SWIFT_COMPILATION_MODE = wholemodule;
				VALIDATE_PRODUCT = YES;
			};
			name = Release;
		};
		3B42301F2B41572400D0B038 /* Debug */ = {
			isa = XCBuildConfiguration;
			buildSettings = {
				ASSETCATALOG_COMPILER_APPICON_NAME = AppIcon;
				ASSETCATALOG_COMPILER_GLOBAL_ACCENT_COLOR_NAME = AccentColor;
				CODE_SIGN_STYLE = Automatic;
				CURRENT_PROJECT_VERSION = 1;
				DEVELOPMENT_TEAM = SN5J3DYFX4;
				GENERATE_INFOPLIST_FILE = YES;
				INFOPLIST_FILE = On_off_iOS/Info.plist;
				INFOPLIST_KEY_UIApplicationSupportsIndirectInputEvents = YES;
				INFOPLIST_KEY_UILaunchStoryboardName = LaunchScreen;
				INFOPLIST_KEY_UISupportedInterfaceOrientations_iPad = "UIInterfaceOrientationPortrait UIInterfaceOrientationPortraitUpsideDown UIInterfaceOrientationLandscapeLeft UIInterfaceOrientationLandscapeRight";
				INFOPLIST_KEY_UISupportedInterfaceOrientations_iPhone = "UIInterfaceOrientationPortrait UIInterfaceOrientationLandscapeLeft UIInterfaceOrientationLandscapeRight";
				LD_RUNPATH_SEARCH_PATHS = (
					"$(inherited)",
					"@executable_path/Frameworks",
				);
				MARKETING_VERSION = 1.0;
				PRODUCT_BUNDLE_IDENTIFIER = "UMC-OnAndOff.On-off-iOS";
				PRODUCT_NAME = "$(TARGET_NAME)";
				SWIFT_EMIT_LOC_STRINGS = YES;
				SWIFT_VERSION = 5.0;
				TARGETED_DEVICE_FAMILY = "1,2";
			};
			name = Debug;
		};
		3B4230202B41572400D0B038 /* Release */ = {
			isa = XCBuildConfiguration;
			buildSettings = {
				ASSETCATALOG_COMPILER_APPICON_NAME = AppIcon;
				ASSETCATALOG_COMPILER_GLOBAL_ACCENT_COLOR_NAME = AccentColor;
				"CODE_SIGN_IDENTITY[sdk=iphoneos*]" = "iPhone Developer";
				CODE_SIGN_STYLE = Manual;
				CURRENT_PROJECT_VERSION = 1;
				DEVELOPMENT_TEAM = "";
				"DEVELOPMENT_TEAM[sdk=iphoneos*]" = SN5J3DYFX4;
				GENERATE_INFOPLIST_FILE = YES;
				INFOPLIST_FILE = On_off_iOS/Info.plist;
				INFOPLIST_KEY_UIApplicationSupportsIndirectInputEvents = YES;
				INFOPLIST_KEY_UILaunchStoryboardName = LaunchScreen;
				INFOPLIST_KEY_UISupportedInterfaceOrientations_iPad = "UIInterfaceOrientationPortrait UIInterfaceOrientationPortraitUpsideDown UIInterfaceOrientationLandscapeLeft UIInterfaceOrientationLandscapeRight";
				INFOPLIST_KEY_UISupportedInterfaceOrientations_iPhone = "UIInterfaceOrientationPortrait UIInterfaceOrientationLandscapeLeft UIInterfaceOrientationLandscapeRight";
				LD_RUNPATH_SEARCH_PATHS = (
					"$(inherited)",
					"@executable_path/Frameworks",
				);
				MARKETING_VERSION = 1.0;
				PRODUCT_BUNDLE_IDENTIFIER = "UMC-OnAndOff.On-off-iOS";
				PRODUCT_NAME = "$(TARGET_NAME)";
				PROVISIONING_PROFILE_SPECIFIER = "";
				"PROVISIONING_PROFILE_SPECIFIER[sdk=iphoneos*]" = On_Off_ProvisioningFile_Develop;
				SWIFT_EMIT_LOC_STRINGS = YES;
				SWIFT_VERSION = 5.0;
				TARGETED_DEVICE_FAMILY = "1,2";
			};
			name = Release;
		};
/* End XCBuildConfiguration section */

/* Begin XCConfigurationList section */
		3B4230052B41572200D0B038 /* Build configuration list for PBXProject "On_off_iOS" */ = {
			isa = XCConfigurationList;
			buildConfigurations = (
				3B42301C2B41572400D0B038 /* Debug */,
				3B42301D2B41572400D0B038 /* Release */,
			);
			defaultConfigurationIsVisible = 0;
			defaultConfigurationName = Release;
		};
		3B42301E2B41572400D0B038 /* Build configuration list for PBXNativeTarget "On_off_iOS" */ = {
			isa = XCConfigurationList;
			buildConfigurations = (
				3B42301F2B41572400D0B038 /* Debug */,
				3B4230202B41572400D0B038 /* Release */,
			);
			defaultConfigurationIsVisible = 0;
			defaultConfigurationName = Release;
		};
/* End XCConfigurationList section */

/* Begin XCRemoteSwiftPackageReference section */
		374FD4912B4268EC00F2E645 /* XCRemoteSwiftPackageReference "RxSwift" */ = {
			isa = XCRemoteSwiftPackageReference;
			repositoryURL = "https://github.com/ReactiveX/RxSwift.git";
			requirement = {
				kind = upToNextMajorVersion;
				minimumVersion = 6.6.0;
			};
		};
		374FD4982B42690D00F2E645 /* XCRemoteSwiftPackageReference "SnapKit" */ = {
			isa = XCRemoteSwiftPackageReference;
			repositoryURL = "https://github.com/SnapKit/SnapKit.git";
			requirement = {
				kind = upToNextMajorVersion;
				minimumVersion = 5.7.0;
			};
		};
		376A4B5A2B5506D7004FBB56 /* XCRemoteSwiftPackageReference "lottie-ios" */ = {
			isa = XCRemoteSwiftPackageReference;
			repositoryURL = "https://github.com/airbnb/lottie-ios.git";
			requirement = {
				kind = upToNextMajorVersion;
				minimumVersion = 4.3.4;
			};
		};
		3B8570C92B582B4E000BC503 /* XCRemoteSwiftPackageReference "FSCalendar" */ = {
			isa = XCRemoteSwiftPackageReference;
			repositoryURL = "https://github.com/WenchaoD/FSCalendar.git";
			requirement = {
				kind = upToNextMajorVersion;
				minimumVersion = 2.8.4;
			};
		};
/* End XCRemoteSwiftPackageReference section */

/* Begin XCSwiftPackageProductDependency section */
		374FD4922B4268EC00F2E645 /* RxCocoa */ = {
			isa = XCSwiftPackageProductDependency;
			package = 374FD4912B4268EC00F2E645 /* XCRemoteSwiftPackageReference "RxSwift" */;
			productName = RxCocoa;
		};
		374FD4942B4268EC00F2E645 /* RxRelay */ = {
			isa = XCSwiftPackageProductDependency;
			package = 374FD4912B4268EC00F2E645 /* XCRemoteSwiftPackageReference "RxSwift" */;
			productName = RxRelay;
		};
		374FD4962B4268EC00F2E645 /* RxSwift */ = {
			isa = XCSwiftPackageProductDependency;
			package = 374FD4912B4268EC00F2E645 /* XCRemoteSwiftPackageReference "RxSwift" */;
			productName = RxSwift;
		};
		374FD4992B42690D00F2E645 /* SnapKit */ = {
			isa = XCSwiftPackageProductDependency;
			package = 374FD4982B42690D00F2E645 /* XCRemoteSwiftPackageReference "SnapKit" */;
			productName = SnapKit;
		};
		376A4B5B2B5506D7004FBB56 /* Lottie */ = {
			isa = XCSwiftPackageProductDependency;
			package = 376A4B5A2B5506D7004FBB56 /* XCRemoteSwiftPackageReference "lottie-ios" */;
			productName = Lottie;
		};
		3B8570CA2B582B4E000BC503 /* FSCalendar */ = {
			isa = XCSwiftPackageProductDependency;
			package = 3B8570C92B582B4E000BC503 /* XCRemoteSwiftPackageReference "FSCalendar" */;
			productName = FSCalendar;
		};
/* End XCSwiftPackageProductDependency section */
	};
	rootObject = 3B4230022B41572200D0B038 /* Project object */;
}
